
Microsoft Visual Studio Solution File, Format Version 12.00
# Visual Studio Version 17
VisualStudioVersion = 17.14.36811.4
MinimumVisualStudioVersion = 10.0.40219.1
Project("{2150E333-8FDC-42A3-9474-1A3956D46DE8}") = "Samples", "Samples", "{5D20AA90-6969-D8BD-9DCD-8634F4692FDA}"
EndProject
Project("{FAE04EC0-301F-11D3-BF4B-00C04F79EFBC}") = "SaveFewRecordsSample", "Samples\SaveFewRecordsSample\SaveFewRecordsSample.csproj", "{19A6B71C-D562-4672-8635-3EE9CF4F7D9A}"
EndProject
Project("{FAE04EC0-301F-11D3-BF4B-00C04F79EFBC}") = "LiteDb.Distributed.Server", "LiteDb.Distributed.Server\LiteDb.Distributed.Server.csproj", "{A18B38E8-65DC-4EFD-8C03-F367BBCB4FBA}"
EndProject
Project("{FAE04EC0-301F-11D3-BF4B-00C04F79EFBC}") = "LiteDb.Distributed.Tests", "LiteDb.Distributed.Tests\LiteDb.Distributed.Tests.csproj", "{4F1875B5-1FC7-4E3D-9636-AF51DF1D2623}"
EndProject
Project("{FAE04EC0-301F-11D3-BF4B-00C04F79EFBC}") = "DistributedCacheProbe", "Samples\DistributedCacheProbe\DistributedCacheProbe.csproj", "{010D41F0-94BB-4318-BEAD-A8A9701424CC}"
EndProject
Project("{FAE04EC0-301F-11D3-BF4B-00C04F79EFBC}") = "LiteDb.Distributed.AspireHost", "LiteDb.Distributed.AspireHost\LiteDb.Distributed.AspireHost.csproj", "{5C638035-AF29-459A-9522-ADFBC6F747D5}"
EndProject
Project("{FAE04EC0-301F-11D3-BF4B-00C04F79EFBC}") = "LiteDb.Distributed.Studio", "LiteDb.Distributed.Studio\LiteDb.Distributed.Studio.csproj", "{34BBB5BD-E8FE-4B75-955E-D9CA3728D2F6}"
EndProject
Global
	GlobalSection(SolutionConfigurationPlatforms) = preSolution
		Debug|Any CPU = Debug|Any CPU
		Debug|x64 = Debug|x64
		Debug|x86 = Debug|x86
		Release|Any CPU = Release|Any CPU
		Release|x64 = Release|x64
		Release|x86 = Release|x86
	EndGlobalSection
	GlobalSection(ProjectConfigurationPlatforms) = postSolution
		{19A6B71C-D562-4672-8635-3EE9CF4F7D9A}.Debug|Any CPU.ActiveCfg = Debug|Any CPU
		{19A6B71C-D562-4672-8635-3EE9CF4F7D9A}.Debug|Any CPU.Build.0 = Debug|Any CPU
		{19A6B71C-D562-4672-8635-3EE9CF4F7D9A}.Debug|x64.ActiveCfg = Debug|Any CPU
		{19A6B71C-D562-4672-8635-3EE9CF4F7D9A}.Debug|x64.Build.0 = Debug|Any CPU
		{19A6B71C-D562-4672-8635-3EE9CF4F7D9A}.Debug|x86.ActiveCfg = Debug|Any CPU
		{19A6B71C-D562-4672-8635-3EE9CF4F7D9A}.Debug|x86.Build.0 = Debug|Any CPU
		{19A6B71C-D562-4672-8635-3EE9CF4F7D9A}.Release|Any CPU.ActiveCfg = Release|Any CPU
		{19A6B71C-D562-4672-8635-3EE9CF4F7D9A}.Release|Any CPU.Build.0 = Release|Any CPU
		{19A6B71C-D562-4672-8635-3EE9CF4F7D9A}.Release|x64.ActiveCfg = Release|Any CPU
		{19A6B71C-D562-4672-8635-3EE9CF4F7D9A}.Release|x64.Build.0 = Release|Any CPU
		{19A6B71C-D562-4672-8635-3EE9CF4F7D9A}.Release|x86.ActiveCfg = Release|Any CPU
		{19A6B71C-D562-4672-8635-3EE9CF4F7D9A}.Release|x86.Build.0 = Release|Any CPU
		{A18B38E8-65DC-4EFD-8C03-F367BBCB4FBA}.Debug|Any CPU.ActiveCfg = Debug|Any CPU
		{A18B38E8-65DC-4EFD-8C03-F367BBCB4FBA}.Debug|Any CPU.Build.0 = Debug|Any CPU
		{A18B38E8-65DC-4EFD-8C03-F367BBCB4FBA}.Debug|x64.ActiveCfg = Debug|Any CPU
		{A18B38E8-65DC-4EFD-8C03-F367BBCB4FBA}.Debug|x64.Build.0 = Debug|Any CPU
		{A18B38E8-65DC-4EFD-8C03-F367BBCB4FBA}.Debug|x86.ActiveCfg = Debug|Any CPU
		{A18B38E8-65DC-4EFD-8C03-F367BBCB4FBA}.Debug|x86.Build.0 = Debug|Any CPU
		{A18B38E8-65DC-4EFD-8C03-F367BBCB4FBA}.Release|Any CPU.ActiveCfg = Release|Any CPU
		{A18B38E8-65DC-4EFD-8C03-F367BBCB4FBA}.Release|Any CPU.Build.0 = Release|Any CPU
		{A18B38E8-65DC-4EFD-8C03-F367BBCB4FBA}.Release|x64.ActiveCfg = Release|Any CPU
		{A18B38E8-65DC-4EFD-8C03-F367BBCB4FBA}.Release|x64.Build.0 = Release|Any CPU
		{A18B38E8-65DC-4EFD-8C03-F367BBCB4FBA}.Release|x86.ActiveCfg = Release|Any CPU
		{A18B38E8-65DC-4EFD-8C03-F367BBCB4FBA}.Release|x86.Build.0 = Release|Any CPU
		{4F1875B5-1FC7-4E3D-9636-AF51DF1D2623}.Debug|Any CPU.ActiveCfg = Debug|Any CPU
		{4F1875B5-1FC7-4E3D-9636-AF51DF1D2623}.Debug|Any CPU.Build.0 = Debug|Any CPU
		{4F1875B5-1FC7-4E3D-9636-AF51DF1D2623}.Debug|x64.ActiveCfg = Debug|Any CPU
		{4F1875B5-1FC7-4E3D-9636-AF51DF1D2623}.Debug|x64.Build.0 = Debug|Any CPU
		{4F1875B5-1FC7-4E3D-9636-AF51DF1D2623}.Debug|x86.ActiveCfg = Debug|Any CPU
		{4F1875B5-1FC7-4E3D-9636-AF51DF1D2623}.Debug|x86.Build.0 = Debug|Any CPU
		{4F1875B5-1FC7-4E3D-9636-AF51DF1D2623}.Release|Any CPU.ActiveCfg = Release|Any CPU
		{4F1875B5-1FC7-4E3D-9636-AF51DF1D2623}.Release|Any CPU.Build.0 = Release|Any CPU
		{4F1875B5-1FC7-4E3D-9636-AF51DF1D2623}.Release|x64.ActiveCfg = Release|Any CPU
		{4F1875B5-1FC7-4E3D-9636-AF51DF1D2623}.Release|x64.Build.0 = Release|Any CPU
		{4F1875B5-1FC7-4E3D-9636-AF51DF1D2623}.Release|x86.ActiveCfg = Release|Any CPU
		{4F1875B5-1FC7-4E3D-9636-AF51DF1D2623}.Release|x86.Build.0 = Release|Any CPU
		{010D41F0-94BB-4318-BEAD-A8A9701424CC}.Debug|Any CPU.ActiveCfg = Debug|Any CPU
		{010D41F0-94BB-4318-BEAD-A8A9701424CC}.Debug|Any CPU.Build.0 = Debug|Any CPU
		{010D41F0-94BB-4318-BEAD-A8A9701424CC}.Debug|x64.ActiveCfg = Debug|Any CPU
		{010D41F0-94BB-4318-BEAD-A8A9701424CC}.Debug|x64.Build.0 = Debug|Any CPU
		{010D41F0-94BB-4318-BEAD-A8A9701424CC}.Debug|x86.ActiveCfg = Debug|Any CPU
		{010D41F0-94BB-4318-BEAD-A8A9701424CC}.Debug|x86.Build.0 = Debug|Any CPU
		{010D41F0-94BB-4318-BEAD-A8A9701424CC}.Release|Any CPU.ActiveCfg = Release|Any CPU
		{010D41F0-94BB-4318-BEAD-A8A9701424CC}.Release|Any CPU.Build.0 = Release|Any CPU
		{010D41F0-94BB-4318-BEAD-A8A9701424CC}.Release|x64.ActiveCfg = Release|Any CPU
		{010D41F0-94BB-4318-BEAD-A8A9701424CC}.Release|x64.Build.0 = Release|Any CPU
		{010D41F0-94BB-4318-BEAD-A8A9701424CC}.Release|x86.ActiveCfg = Release|Any CPU
		{010D41F0-94BB-4318-BEAD-A8A9701424CC}.Release|x86.Build.0 = Release|Any CPU
		{5C638035-AF29-459A-9522-ADFBC6F747D5}.Debug|Any CPU.ActiveCfg = Debug|Any CPU
		{5C638035-AF29-459A-9522-ADFBC6F747D5}.Debug|Any CPU.Build.0 = Debug|Any CPU
		{5C638035-AF29-459A-9522-ADFBC6F747D5}.Debug|x64.ActiveCfg = Debug|Any CPU
		{5C638035-AF29-459A-9522-ADFBC6F747D5}.Debug|x64.Build.0 = Debug|Any CPU
		{5C638035-AF29-459A-9522-ADFBC6F747D5}.Debug|x86.ActiveCfg = Debug|Any CPU
		{5C638035-AF29-459A-9522-ADFBC6F747D5}.Debug|x86.Build.0 = Debug|Any CPU
		{5C638035-AF29-459A-9522-ADFBC6F747D5}.Release|Any CPU.ActiveCfg = Release|Any CPU
		{5C638035-AF29-459A-9522-ADFBC6F747D5}.Release|Any CPU.Build.0 = Release|Any CPU
		{5C638035-AF29-459A-9522-ADFBC6F747D5}.Release|x64.ActiveCfg = Release|Any CPU
		{5C638035-AF29-459A-9522-ADFBC6F747D5}.Release|x64.Build.0 = Release|Any CPU
		{5C638035-AF29-459A-9522-ADFBC6F747D5}.Release|x86.ActiveCfg = Release|Any CPU
		{5C638035-AF29-459A-9522-ADFBC6F747D5}.Release|x86.Build.0 = Release|Any CPU
		{34BBB5BD-E8FE-4B75-955E-D9CA3728D2F6}.Debug|Any CPU.ActiveCfg = Debug|Any CPU
		{34BBB5BD-E8FE-4B75-955E-D9CA3728D2F6}.Debug|Any CPU.Build.0 = Debug|Any CPU
		{34BBB5BD-E8FE-4B75-955E-D9CA3728D2F6}.Debug|x64.ActiveCfg = Debug|Any CPU
		{34BBB5BD-E8FE-4B75-955E-D9CA3728D2F6}.Debug|x64.Build.0 = Debug|Any CPU
		{34BBB5BD-E8FE-4B75-955E-D9CA3728D2F6}.Debug|x86.ActiveCfg = Debug|Any CPU
		{34BBB5BD-E8FE-4B75-955E-D9CA3728D2F6}.Debug|x86.Build.0 = Debug|Any CPU
		{34BBB5BD-E8FE-4B75-955E-D9CA3728D2F6}.Release|Any CPU.ActiveCfg = Release|Any CPU
		{34BBB5BD-E8FE-4B75-955E-D9CA3728D2F6}.Release|Any CPU.Build.0 = Release|Any CPU
		{34BBB5BD-E8FE-4B75-955E-D9CA3728D2F6}.Release|x64.ActiveCfg = Release|Any CPU
		{34BBB5BD-E8FE-4B75-955E-D9CA3728D2F6}.Release|x64.Build.0 = Release|Any CPU
		{34BBB5BD-E8FE-4B75-955E-D9CA3728D2F6}.Release|x86.ActiveCfg = Release|Any CPU
		{34BBB5BD-E8FE-4B75-955E-D9CA3728D2F6}.Release|x86.Build.0 = Release|Any CPU
	EndGlobalSection
	GlobalSection(SolutionProperties) = preSolution
		HideSolutionNode = FALSE
	EndGlobalSection
	GlobalSection(NestedProjects) = preSolution
		{19A6B71C-D562-4672-8635-3EE9CF4F7D9A} = {5D20AA90-6969-D8BD-9DCD-8634F4692FDA}
		{010D41F0-94BB-4318-BEAD-A8A9701424CC} = {5D20AA90-6969-D8BD-9DCD-8634F4692FDA}
	EndGlobalSection
	GlobalSection(ExtensibilityGlobals) = postSolution
		SolutionGuid = {29B7051A-13BA-4D51-A27B-BBC9B71BFF90}
	EndGlobalSection
EndGlobal
